
Microsoft Visual Studio Solution File, Format Version 12.00
# Visual Studio 15
VisualStudioVersion = 15.0.26124.0
MinimumVisualStudioVersion = 15.0.26124.0
Project("{FAE04EC0-301F-11D3-BF4B-00C04F79EFBC}") = "API", "API\API.csproj", "{4D9005B7-03BA-4254-B4DD-E30BF46725AE}"
EndProject
Project("{FAE04EC0-301F-11D3-BF4B-00C04F79EFBC}") = "Core", "Core\Core.csproj", "{CD423CA1-ADF2-43ED-B531-81EFCEE9092D}"
EndProject
Project("{FAE04EC0-301F-11D3-BF4B-00C04F79EFBC}") = "Infrastructure", "Infrastructure\Infrastructure.csproj", "{00BB792D-761A-4C8A-8F72-2142C2D02F32}"
EndProject
Global
	GlobalSection(SolutionConfigurationPlatforms) = preSolution
		Debug|Any CPU = Debug|Any CPU
		Debug|x64 = Debug|x64
		Debug|x86 = Debug|x86
		Release|Any CPU = Release|Any CPU
		Release|x64 = Release|x64
		Release|x86 = Release|x86
	EndGlobalSection
	GlobalSection(SolutionProperties) = preSolution
		HideSolutionNode = FALSE
	EndGlobalSection
	GlobalSection(ProjectConfigurationPlatforms) = postSolution
		{4D9005B7-03BA-4254-B4DD-E30BF46725AE}.Debug|Any CPU.ActiveCfg = Debug|Any CPU
		{4D9005B7-03BA-4254-B4DD-E30BF46725AE}.Debug|Any CPU.Build.0 = Debug|Any CPU
		{4D9005B7-03BA-4254-B4DD-E30BF46725AE}.Debug|x64.ActiveCfg = Debug|Any CPU
		{4D9005B7-03BA-4254-B4DD-E30BF46725AE}.Debug|x64.Build.0 = Debug|Any CPU
		{4D9005B7-03BA-4254-B4DD-E30BF46725AE}.Debug|x86.ActiveCfg = Debug|Any CPU
		{4D9005B7-03BA-4254-B4DD-E30BF46725AE}.Debug|x86.Build.0 = Debug|Any CPU
		{4D9005B7-03BA-4254-B4DD-E30BF46725AE}.Release|Any CPU.ActiveCfg = Release|Any CPU
		{4D9005B7-03BA-4254-B4DD-E30BF46725AE}.Release|Any CPU.Build.0 = Release|Any CPU
		{4D9005B7-03BA-4254-B4DD-E30BF46725AE}.Release|x64.ActiveCfg = Release|Any CPU
		{4D9005B7-03BA-4254-B4DD-E30BF46725AE}.Release|x64.Build.0 = Release|Any CPU
		{4D9005B7-03BA-4254-B4DD-E30BF46725AE}.Release|x86.ActiveCfg = Release|Any CPU
		{4D9005B7-03BA-4254-B4DD-E30BF46725AE}.Release|x86.Build.0 = Release|Any CPU
		{CD423CA1-ADF2-43ED-B531-81EFCEE9092D}.Debug|Any CPU.ActiveCfg = Debug|Any CPU
		{CD423CA1-ADF2-43ED-B531-81EFCEE9092D}.Debug|Any CPU.Build.0 = Debug|Any CPU
		{CD423CA1-ADF2-43ED-B531-81EFCEE9092D}.Debug|x64.ActiveCfg = Debug|Any CPU
		{CD423CA1-ADF2-43ED-B531-81EFCEE9092D}.Debug|x64.Build.0 = Debug|Any CPU
		{CD423CA1-ADF2-43ED-B531-81EFCEE9092D}.Debug|x86.ActiveCfg = Debug|Any CPU
		{CD423CA1-ADF2-43ED-B531-81EFCEE9092D}.Debug|x86.Build.0 = Debug|Any CPU
		{CD423CA1-ADF2-43ED-B531-81EFCEE9092D}.Release|Any CPU.ActiveCfg = Release|Any CPU
		{CD423CA1-ADF2-43ED-B531-81EFCEE9092D}.Release|Any CPU.Build.0 = Release|Any CPU
		{CD423CA1-ADF2-43ED-B531-81EFCEE9092D}.Release|x64.ActiveCfg = Release|Any CPU
		{CD423CA1-ADF2-43ED-B531-81EFCEE9092D}.Release|x64.Build.0 = Release|Any CPU
		{CD423CA1-ADF2-43ED-B531-81EFCEE9092D}.Release|x86.ActiveCfg = Release|Any CPU
		{CD423CA1-ADF2-43ED-B531-81EFCEE9092D}.Release|x86.Build.0 = Release|Any CPU
		{00BB792D-761A-4C8A-8F72-2142C2D02F32}.Debug|Any CPU.ActiveCfg = Debug|Any CPU
		{00BB792D-761A-4C8A-8F72-2142C2D02F32}.Debug|Any CPU.Build.0 = Debug|Any CPU
		{00BB792D-761A-4C8A-8F72-2142C2D02F32}.Debug|x64.ActiveCfg = Debug|Any CPU
		{00BB792D-761A-4C8A-8F72-2142C2D02F32}.Debug|x64.Build.0 = Debug|Any CPU
		{00BB792D-761A-4C8A-8F72-2142C2D02F32}.Debug|x86.ActiveCfg = Debug|Any CPU
		{00BB792D-761A-4C8A-8F72-2142C2D02F32}.Debug|x86.Build.0 = Debug|Any CPU
		{00BB792D-761A-4C8A-8F72-2142C2D02F32}.Release|Any CPU.ActiveCfg = Release|Any CPU
		{00BB792D-761A-4C8A-8F72-2142C2D02F32}.Release|Any CPU.Build.0 = Release|Any CPU
		{00BB792D-761A-4C8A-8F72-2142C2D02F32}.Release|x64.ActiveCfg = Release|Any CPU
		{00BB792D-761A-4C8A-8F72-2142C2D02F32}.Release|x64.Build.0 = Release|Any CPU
		{00BB792D-761A-4C8A-8F72-2142C2D02F32}.Release|x86.ActiveCfg = Release|Any CPU
		{00BB792D-761A-4C8A-8F72-2142C2D02F32}.Release|x86.Build.0 = Release|Any CPU
	EndGlobalSection
EndGlobal
